
Microsoft Visual Studio Solution File, Format Version 12.00
# Visual Studio 15
VisualStudioVersion = 15.0.34729.27
MinimumVisualStudioVersion = 10.0.40219.1
Project("{8BC9CEB8-8B4A-11D0-8D11-00A0C91BC942}") = "Algorithm", "Algorithm\Algorithm.vcxproj", "{AFA90201-4C43-4570-B1E5-2446BC07D839}"
EndProject
Global
	GlobalSection(SolutionConfigurationPlatforms) = preSolution
		Debug|x64 = Debug|x64
		Debug|x86 = Debug|x86
		Release|x64 = Release|x64
		Release|x86 = Release|x86
	EndGlobalSection
	GlobalSection(ProjectConfigurationPlatforms) = postSolution
		{AFA90201-4C43-4570-B1E5-2446BC07D839}.Debug|x64.ActiveCfg = Debug|x64
		{AFA90201-4C43-4570-B1E5-2446BC07D839}.Debug|x64.Build.0 = Debug|x64
		{AFA90201-4C43-4570-B1E5-2446BC07D839}.Debug|x86.ActiveCfg = Debug|Win32
		{AFA90201-4C43-4570-B1E5-2446BC07D839}.Debug|x86.Build.0 = Debug|Win32
		{AFA90201-4C43-4570-B1E5-2446BC07D839}.Release|x64.ActiveCfg = Release|x64
		{AFA90201-4C43-4570-B1E5-2446BC07D839}.Release|x64.Build.0 = Release|x64
		{AFA90201-4C43-4570-B1E5-2446BC07D839}.Release|x86.ActiveCfg = Release|Win32
		{AFA90201-4C43-4570-B1E5-2446BC07D839}.Release|x86.Build.0 = Release|Win32
	EndGlobalSection
	GlobalSection(SolutionProperties) = preSolution
		HideSolutionNode = FALSE
	EndGlobalSection
	GlobalSection(ExtensibilityGlobals) = postSolution
		SolutionGuid = {4458BDC9-5386-445E-B7C8-DB60CFAE0475}
	EndGlobalSection
EndGlobal
