
Microsoft Visual Studio Solution File, Format Version 12.00
# Visual Studio Version 16
VisualStudioVersion = 16.0.32106.194
MinimumVisualStudioVersion = 10.0.40219.1
Project("{9A19103F-16F7-4668-BE54-9A1E7A4F7556}") = "SortAlgorithm", "SortAlgorithm\SortAlgorithm.csproj", "{8D697549-8235-4A42-9FF6-B9A426224073}"
EndProject
Project("{FAE04EC0-301F-11D3-BF4B-00C04F79EFBC}") = "SortAlgorithm.UnitTest", "SortAlgorithm.UnitTest\SortAlgorithm.UnitTest.csproj", "{BA608851-5FF6-498B-9863-86C0E2F3A0E4}"
EndProject
Global
	GlobalSection(SolutionConfigurationPlatforms) = preSolution
		Debug|Any CPU = Debug|Any CPU
		Release|Any CPU = Release|Any CPU
	EndGlobalSection
	GlobalSection(ProjectConfigurationPlatforms) = postSolution
		{8D697549-8235-4A42-9FF6-B9A426224073}.Debug|Any CPU.ActiveCfg = Debug|Any CPU
		{8D697549-8235-4A42-9FF6-B9A426224073}.Debug|Any CPU.Build.0 = Debug|Any CPU
		{8D697549-8235-4A42-9FF6-B9A426224073}.Release|Any CPU.ActiveCfg = Release|Any CPU
		{8D697549-8235-4A42-9FF6-B9A426224073}.Release|Any CPU.Build.0 = Release|Any CPU
		{BA608851-5FF6-498B-9863-86C0E2F3A0E4}.Debug|Any CPU.ActiveCfg = Debug|Any CPU
		{BA608851-5FF6-498B-9863-86C0E2F3A0E4}.Debug|Any CPU.Build.0 = Debug|Any CPU
		{BA608851-5FF6-498B-9863-86C0E2F3A0E4}.Release|Any CPU.ActiveCfg = Release|Any CPU
		{BA608851-5FF6-498B-9863-86C0E2F3A0E4}.Release|Any CPU.Build.0 = Release|Any CPU
	EndGlobalSection
	GlobalSection(SolutionProperties) = preSolution
		HideSolutionNode = FALSE
	EndGlobalSection
	GlobalSection(ExtensibilityGlobals) = postSolution
		SolutionGuid = {60E83080-2E91-460D-A9DA-7DF0CEFD54BF}
	EndGlobalSection
EndGlobal
