
Microsoft Visual Studio Solution File, Format Version 12.00
# Visual Studio Version 17
VisualStudioVersion = 17.0.32126.317
MinimumVisualStudioVersion = 10.0.40219.1
Project("{FAE04EC0-301F-11D3-BF4B-00C04F79EFBC}") = "UsingThreadState", "UsingThreadState\UsingThreadState.csproj", "{2C4F0CA9-7814-4271-A515-0ED409BE5E06}"
EndProject
Global
	GlobalSection(SolutionConfigurationPlatforms) = preSolution
		Debug|Any CPU = Debug|Any CPU
		Release|Any CPU = Release|Any CPU
	EndGlobalSection
	GlobalSection(ProjectConfigurationPlatforms) = postSolution
		{2C4F0CA9-7814-4271-A515-0ED409BE5E06}.Debug|Any CPU.ActiveCfg = Debug|Any CPU
		{2C4F0CA9-7814-4271-A515-0ED409BE5E06}.Debug|Any CPU.Build.0 = Debug|Any CPU
		{2C4F0CA9-7814-4271-A515-0ED409BE5E06}.Release|Any CPU.ActiveCfg = Release|Any CPU
		{2C4F0CA9-7814-4271-A515-0ED409BE5E06}.Release|Any CPU.Build.0 = Release|Any CPU
	EndGlobalSection
	GlobalSection(SolutionProperties) = preSolution
		HideSolutionNode = FALSE
	EndGlobalSection
	GlobalSection(ExtensibilityGlobals) = postSolution
		SolutionGuid = {89E712F8-A5F3-4A20-9273-12CE65E680B6}
	EndGlobalSection
EndGlobal
