
Microsoft Visual Studio Solution File, Format Version 12.00
# Visual Studio 15
VisualStudioVersion = 15.0.28307.1525
MinimumVisualStudioVersion = 10.0.40219.1
Project("{FAE04EC0-301F-11D3-BF4B-00C04F79EFBC}") = "EFCoreTest", "EFCoreTest\EFCoreTest.csproj", "{7C229794-ECF8-47B0-BB0D-9192701F2D92}"
EndProject
Global
	GlobalSection(SolutionConfigurationPlatforms) = preSolution
		Debug|Any CPU = Debug|Any CPU
		Release|Any CPU = Release|Any CPU
	EndGlobalSection
	GlobalSection(ProjectConfigurationPlatforms) = postSolution
		{7C229794-ECF8-47B0-BB0D-9192701F2D92}.Debug|Any CPU.ActiveCfg = Debug|Any CPU
		{7C229794-ECF8-47B0-BB0D-9192701F2D92}.Debug|Any CPU.Build.0 = Debug|Any CPU
		{7C229794-ECF8-47B0-BB0D-9192701F2D92}.Release|Any CPU.ActiveCfg = Release|Any CPU
		{7C229794-ECF8-47B0-BB0D-9192701F2D92}.Release|Any CPU.Build.0 = Release|Any CPU
	EndGlobalSection
	GlobalSection(SolutionProperties) = preSolution
		HideSolutionNode = FALSE
	EndGlobalSection
	GlobalSection(ExtensibilityGlobals) = postSolution
		SolutionGuid = {6F8C963D-CE88-42ED-AFD1-1015955305EB}
	EndGlobalSection
EndGlobal
