
Microsoft Visual Studio Solution File, Format Version 12.00
# Visual Studio Version 16
VisualStudioVersion = 16.0.30114.105
MinimumVisualStudioVersion = 10.0.40219.1
Project("{FAE04EC0-301F-11D3-BF4B-00C04F79EFBC}") = "AddTest", "AddTest\AddTest.csproj", "{45F1A25E-CD0C-4A4D-ADD8-0E13E75F791A}"
EndProject
Global
	GlobalSection(SolutionConfigurationPlatforms) = preSolution
		Debug|Any CPU = Debug|Any CPU
		Release|Any CPU = Release|Any CPU
	EndGlobalSection
	GlobalSection(SolutionProperties) = preSolution
		HideSolutionNode = FALSE
	EndGlobalSection
	GlobalSection(ProjectConfigurationPlatforms) = postSolution
		{45F1A25E-CD0C-4A4D-ADD8-0E13E75F791A}.Debug|Any CPU.ActiveCfg = Debug|Any CPU
		{45F1A25E-CD0C-4A4D-ADD8-0E13E75F791A}.Debug|Any CPU.Build.0 = Debug|Any CPU
		{45F1A25E-CD0C-4A4D-ADD8-0E13E75F791A}.Release|Any CPU.ActiveCfg = Release|Any CPU
		{45F1A25E-CD0C-4A4D-ADD8-0E13E75F791A}.Release|Any CPU.Build.0 = Release|Any CPU
	EndGlobalSection
EndGlobal
