<?xml version="1.0" encoding="utf-8"?>
<Project ToolsVersion="4.0" xmlns="http://schemas.microsoft.com/developer/msbuild/2003">
  <ItemGroup>
    <Filter Include="소스 파일">
      <UniqueIdentifier>{4FC737F1-C7A5-4376-A066-2A32D752A2FF}</UniqueIdentifier>
      <Extensions>cpp;c;cc;cxx;def;odl;idl;hpj;bat;asm;asmx</Extensions>
    </Filter>
    <Filter Include="헤더 파일">
      <UniqueIdentifier>{93995380-89BD-4b04-88EB-625FBE52EBFB}</UniqueIdentifier>
      <Extensions>h;hh;hpp;hxx;hm;inl;inc;ipp;xsd</Extensions>
    </Filter>
    <Filter Include="리소스 파일">
      <UniqueIdentifier>{67DA6AB6-F800-4c08-8B7A-83BB121AAD01}</UniqueIdentifier>
      <Extensions>rc;ico;cur;bmp;dlg;rc2;rct;bin;rgs;gif;jpg;jpeg;jpe;resx;tiff;tif;png;wav;mfcribbon-ms</Extensions>
    </Filter>
    <Filter Include="소스 파일\23/06/10_before">
      <UniqueIdentifier>{edf9f498-2166-47cf-88ed-f80ead8507a0}</UniqueIdentifier>
    </Filter>
    <Filter Include="소스 파일\masterAlgorithm">
      <UniqueIdentifier>{7f71e675-2630-47f7-941a-85f08d3f83ae}</UniqueIdentifier>
    </Filter>
    <Filter Include="소스 파일\masterAlgorithm\230610">
      <UniqueIdentifier>{b5c016e9-3267-4e66-bb7c-bae755c9e7fd}</UniqueIdentifier>
    </Filter>
    <Filter Include="소스 파일\masterAlgorithm\230611">
      <UniqueIdentifier>{0b0fcfa3-6804-46a9-b2ad-69982c6aa941}</UniqueIdentifier>
    </Filter>
    <Filter Include="소스 파일\masterAlgorithm\230612">
      <UniqueIdentifier>{48d6cb69-f03d-425d-a3c3-0c7a0a35a86b}</UniqueIdentifier>
    </Filter>
    <Filter Include="소스 파일\masterAlgorithm\230616">
      <UniqueIdentifier>{98e73517-9e5a-421c-8ff8-a3796e72d3ba}</UniqueIdentifier>
    </Filter>
    <Filter Include="소스 파일\masterAlgorithm\230619">
      <UniqueIdentifier>{e8600982-2d19-4a52-ab09-765cfa90c3e1}</UniqueIdentifier>
    </Filter>
    <Filter Include="소스 파일\masterAlgorithm\230622">
      <UniqueIdentifier>{fd7bf87a-b474-4dad-acb0-7110fd203dae}</UniqueIdentifier>
    </Filter>
    <Filter Include="소스 파일\masterAlgorithm\230625">
      <UniqueIdentifier>{c03a4616-b402-4e63-bc93-d9a04aec7582}</UniqueIdentifier>
    </Filter>
    <Filter Include="소스 파일\masterAlgorithm\230626">
      <UniqueIdentifier>{3049608d-cf83-42b8-98ac-c8457c0dcdb9}</UniqueIdentifier>
    </Filter>
    <Filter Include="소스 파일\masterAlgorithm\230627">
      <UniqueIdentifier>{623fb2d6-589e-4595-a83f-7bdb11469524}</UniqueIdentifier>
    </Filter>
    <Filter Include="소스 파일\masterAlgorithm\230704">
      <UniqueIdentifier>{ff4bdcfd-1786-4e7c-9611-06de49460e09}</UniqueIdentifier>
    </Filter>
  </ItemGroup>
  <ItemGroup>
    <ClCompile Include="구슬탈출2.cpp">
      <Filter>소스 파일\23/06/10_before</Filter>
    </ClCompile>
    <ClCompile Include="나무재태크.cpp">
      <Filter>소스 파일\23/06/10_before</Filter>
    </ClCompile>
    <ClCompile Include="낚시왕.cpp">
      <Filter>소스 파일\23/06/10_before</Filter>
    </ClCompile>
    <ClCompile Include="단지번호붙이기.cpp">
      <Filter>소스 파일\23/06/10_before</Filter>
    </ClCompile>
    <ClCompile Include="로봇청소기.cpp">
      <Filter>소스 파일\23/06/10_before</Filter>
    </ClCompile>
    <ClCompile Include="마법사 상어와 비바라기.cpp">
      <Filter>소스 파일\23/06/10_before</Filter>
    </ClCompile>
    <ClCompile Include="뱀.cpp">
      <Filter>소스 파일\23/06/10_before</Filter>
    </ClCompile>
    <ClCompile Include="소스.cpp">
      <Filter>소스 파일\23/06/10_before</Filter>
    </ClCompile>
    <ClCompile Include="스타트와 링크.cpp">
      <Filter>소스 파일\23/06/10_before</Filter>
    </ClCompile>
    <ClCompile Include="연구소.cpp">
      <Filter>소스 파일\23/06/10_before</Filter>
    </ClCompile>
    <ClCompile Include="연구소2.cpp">
      <Filter>소스 파일\23/06/10_before</Filter>
    </ClCompile>
    <ClCompile Include="원판돌리기.cpp">
      <Filter>소스 파일\23/06/10_before</Filter>
    </ClCompile>
    <ClCompile Include="인구이동.cpp">
      <Filter>소스 파일\23/06/10_before</Filter>
    </ClCompile>
    <ClCompile Include="프로그래머스-최소값-최대값.cpp">
      <Filter>소스 파일\23/06/10_before</Filter>
    </ClCompile>
    <ClCompile Include="1076_저항.cpp">
      <Filter>소스 파일\masterAlgorithm\230610</Filter>
    </ClCompile>
    <ClCompile Include="1181_단어정렬.cpp">
      <Filter>소스 파일\masterAlgorithm\230611</Filter>
    </ClCompile>
    <ClCompile Include="1193_분수찾기.cpp">
      <Filter>소스 파일\masterAlgorithm\230612</Filter>
    </ClCompile>
    <ClCompile Include="1234_성지키기.cpp">
      <Filter>소스 파일\masterAlgorithm\230616</Filter>
    </ClCompile>
    <ClCompile Include="10430_나머지.cpp">
      <Filter>소스 파일\masterAlgorithm\230622</Filter>
    </ClCompile>
    <ClCompile Include="9935_문자열폭발.cpp">
      <Filter>소스 파일\masterAlgorithm\230619</Filter>
    </ClCompile>
    <ClCompile Include="2609_최대공약수와 최소공배수.cpp">
      <Filter>소스 파일\masterAlgorithm\230625</Filter>
    </ClCompile>
    <ClCompile Include="9613_GCD합.cpp">
      <Filter>소스 파일\masterAlgorithm\230625</Filter>
    </ClCompile>
    <ClCompile Include="11005_진법변환2.cpp">
      <Filter>소스 파일\masterAlgorithm\230625</Filter>
    </ClCompile>
    <ClCompile Include="2745_진법 변환.cpp">
      <Filter>소스 파일\masterAlgorithm\230625</Filter>
    </ClCompile>
    <ClCompile Include="1373_2진수8진수.cpp">
      <Filter>소스 파일\masterAlgorithm\230626</Filter>
    </ClCompile>
    <ClCompile Include="1212_8진수 2진수.cpp">
      <Filter>소스 파일\masterAlgorithm\230626</Filter>
    </ClCompile>
    <ClCompile Include="2089_-2진수.cpp">
      <Filter>소스 파일\masterAlgorithm\230627</Filter>
    </ClCompile>
    <ClCompile Include="11576_Base Conversion.cpp">
      <Filter>소스 파일\masterAlgorithm\230627</Filter>
    </ClCompile>
    <ClCompile Include="1978_소수찾기.cpp">
      <Filter>소스 파일\masterAlgorithm\230704</Filter>
    </ClCompile>
  </ItemGroup>
</Project>