
Microsoft Visual Studio Solution File, Format Version 12.00
# Visual Studio Version 16
VisualStudioVersion = 16.0.31911.196
MinimumVisualStudioVersion = 10.0.40219.1
Project("{9A19103F-16F7-4668-BE54-9A1E7A4F7556}") = "ApprovalTest", "ApprovalTest\ApprovalTest.csproj", "{55AD4943-0974-4E08-88CF-170449DBD6B7}"
EndProject
Project("{FAE04EC0-301F-11D3-BF4B-00C04F79EFBC}") = "UnitTest", "UnitTest\UnitTest.csproj", "{FEBE12D5-E563-41DA-B2AE-CB0969F71FC2}"
EndProject
Project("{FAE04EC0-301F-11D3-BF4B-00C04F79EFBC}") = "TestProject1", "TestProject1\TestProject1.csproj", "{C742A68B-F48F-4253-8066-4474BA8B0D31}"
EndProject
Global
	GlobalSection(SolutionConfigurationPlatforms) = preSolution
		Debug|Any CPU = Debug|Any CPU
		Release|Any CPU = Release|Any CPU
	EndGlobalSection
	GlobalSection(ProjectConfigurationPlatforms) = postSolution
		{55AD4943-0974-4E08-88CF-170449DBD6B7}.Debug|Any CPU.ActiveCfg = Debug|Any CPU
		{55AD4943-0974-4E08-88CF-170449DBD6B7}.Debug|Any CPU.Build.0 = Debug|Any CPU
		{55AD4943-0974-4E08-88CF-170449DBD6B7}.Release|Any CPU.ActiveCfg = Release|Any CPU
		{55AD4943-0974-4E08-88CF-170449DBD6B7}.Release|Any CPU.Build.0 = Release|Any CPU
		{FEBE12D5-E563-41DA-B2AE-CB0969F71FC2}.Debug|Any CPU.ActiveCfg = Debug|Any CPU
		{FEBE12D5-E563-41DA-B2AE-CB0969F71FC2}.Debug|Any CPU.Build.0 = Debug|Any CPU
		{FEBE12D5-E563-41DA-B2AE-CB0969F71FC2}.Release|Any CPU.ActiveCfg = Release|Any CPU
		{FEBE12D5-E563-41DA-B2AE-CB0969F71FC2}.Release|Any CPU.Build.0 = Release|Any CPU
		{C742A68B-F48F-4253-8066-4474BA8B0D31}.Debug|Any CPU.ActiveCfg = Debug|Any CPU
		{C742A68B-F48F-4253-8066-4474BA8B0D31}.Debug|Any CPU.Build.0 = Debug|Any CPU
		{C742A68B-F48F-4253-8066-4474BA8B0D31}.Release|Any CPU.ActiveCfg = Release|Any CPU
		{C742A68B-F48F-4253-8066-4474BA8B0D31}.Release|Any CPU.Build.0 = Release|Any CPU
	EndGlobalSection
	GlobalSection(SolutionProperties) = preSolution
		HideSolutionNode = FALSE
	EndGlobalSection
	GlobalSection(ExtensibilityGlobals) = postSolution
		SolutionGuid = {A0D8BF03-84E9-4082-A59F-2A0AF3573C8F}
	EndGlobalSection
EndGlobal
