
Microsoft Visual Studio Solution File, Format Version 12.00
# Visual Studio Version 16
VisualStudioVersion = 16.0.32106.194
MinimumVisualStudioVersion = 10.0.40219.1
Project("{9A19103F-16F7-4668-BE54-9A1E7A4F7556}") = "SortInheritance", "SortInheritance\SortInheritance.csproj", "{C12A2BD1-791E-4798-B7B7-39B8EB7249EE}"
EndProject
Project("{FAE04EC0-301F-11D3-BF4B-00C04F79EFBC}") = "SortAlgorithm.UnitTest", "Sort.UnitTest\SortAlgorithm.UnitTest.csproj", "{04309EA5-55A0-464C-AA45-0A4B769F6D64}"
EndProject
Global
	GlobalSection(SolutionConfigurationPlatforms) = preSolution
		Debug|Any CPU = Debug|Any CPU
		Release|Any CPU = Release|Any CPU
	EndGlobalSection
	GlobalSection(ProjectConfigurationPlatforms) = postSolution
		{C12A2BD1-791E-4798-B7B7-39B8EB7249EE}.Debug|Any CPU.ActiveCfg = Debug|Any CPU
		{C12A2BD1-791E-4798-B7B7-39B8EB7249EE}.Debug|Any CPU.Build.0 = Debug|Any CPU
		{C12A2BD1-791E-4798-B7B7-39B8EB7249EE}.Release|Any CPU.ActiveCfg = Release|Any CPU
		{C12A2BD1-791E-4798-B7B7-39B8EB7249EE}.Release|Any CPU.Build.0 = Release|Any CPU
		{04309EA5-55A0-464C-AA45-0A4B769F6D64}.Debug|Any CPU.ActiveCfg = Debug|Any CPU
		{04309EA5-55A0-464C-AA45-0A4B769F6D64}.Debug|Any CPU.Build.0 = Debug|Any CPU
		{04309EA5-55A0-464C-AA45-0A4B769F6D64}.Release|Any CPU.ActiveCfg = Release|Any CPU
		{04309EA5-55A0-464C-AA45-0A4B769F6D64}.Release|Any CPU.Build.0 = Release|Any CPU
	EndGlobalSection
	GlobalSection(SolutionProperties) = preSolution
		HideSolutionNode = FALSE
	EndGlobalSection
	GlobalSection(ExtensibilityGlobals) = postSolution
		SolutionGuid = {7A758014-31A8-44F8-A844-6C21CE34F0ED}
	EndGlobalSection
EndGlobal
