
Microsoft Visual Studio Solution File, Format Version 12.00
# Visual Studio Version 17
VisualStudioVersion = 17.3.32922.545
MinimumVisualStudioVersion = 10.0.40219.1
Project("{FAE04EC0-301F-11D3-BF4B-00C04F79EFBC}") = "PlantUMLTest", "PlantUMLTest\PlantUMLTest.csproj", "{A2A84E51-C515-4F80-AA65-BA1A762BF50E}"
EndProject
Global
	GlobalSection(SolutionConfigurationPlatforms) = preSolution
		Debug|Any CPU = Debug|Any CPU
		Release|Any CPU = Release|Any CPU
	EndGlobalSection
	GlobalSection(ProjectConfigurationPlatforms) = postSolution
		{A2A84E51-C515-4F80-AA65-BA1A762BF50E}.Debug|Any CPU.ActiveCfg = Debug|Any CPU
		{A2A84E51-C515-4F80-AA65-BA1A762BF50E}.Debug|Any CPU.Build.0 = Debug|Any CPU
		{A2A84E51-C515-4F80-AA65-BA1A762BF50E}.Release|Any CPU.ActiveCfg = Release|Any CPU
		{A2A84E51-C515-4F80-AA65-BA1A762BF50E}.Release|Any CPU.Build.0 = Release|Any CPU
	EndGlobalSection
	GlobalSection(SolutionProperties) = preSolution
		HideSolutionNode = FALSE
	EndGlobalSection
	GlobalSection(ExtensibilityGlobals) = postSolution
		SolutionGuid = {5F4309CF-728C-4E03-BCFE-094EDB4711CF}
	EndGlobalSection
EndGlobal
