
Microsoft Visual Studio Solution File, Format Version 12.00
# Visual Studio Version 16
VisualStudioVersion = 16.0.30114.105
MinimumVisualStudioVersion = 10.0.40219.1
Project("{FAE04EC0-301F-11D3-BF4B-00C04F79EFBC}") = "PasswordProgram", "PasswordProgram\PasswordProgram.csproj", "{074DE032-07A2-4FC3-B5F0-DEF1988E2063}"
EndProject
Global
	GlobalSection(SolutionConfigurationPlatforms) = preSolution
		Debug|Any CPU = Debug|Any CPU
		Release|Any CPU = Release|Any CPU
	EndGlobalSection
	GlobalSection(SolutionProperties) = preSolution
		HideSolutionNode = FALSE
	EndGlobalSection
	GlobalSection(ProjectConfigurationPlatforms) = postSolution
		{074DE032-07A2-4FC3-B5F0-DEF1988E2063}.Debug|Any CPU.ActiveCfg = Debug|Any CPU
		{074DE032-07A2-4FC3-B5F0-DEF1988E2063}.Debug|Any CPU.Build.0 = Debug|Any CPU
		{074DE032-07A2-4FC3-B5F0-DEF1988E2063}.Release|Any CPU.ActiveCfg = Release|Any CPU
		{074DE032-07A2-4FC3-B5F0-DEF1988E2063}.Release|Any CPU.Build.0 = Release|Any CPU
	EndGlobalSection
EndGlobal
