
Microsoft Visual Studio Solution File, Format Version 12.00
# Visual Studio Version 16
VisualStudioVersion = 16.0.31911.196
MinimumVisualStudioVersion = 10.0.40219.1
Project("{FAE04EC0-301F-11D3-BF4B-00C04F79EFBC}") = "serilogTest", "serilogTest\serilogTest.csproj", "{479E6D5F-8631-4F7A-8691-E269EB4A84A1}"
EndProject
Global
	GlobalSection(SolutionConfigurationPlatforms) = preSolution
		Debug|Any CPU = Debug|Any CPU
		Release|Any CPU = Release|Any CPU
	EndGlobalSection
	GlobalSection(ProjectConfigurationPlatforms) = postSolution
		{479E6D5F-8631-4F7A-8691-E269EB4A84A1}.Debug|Any CPU.ActiveCfg = Debug|Any CPU
		{479E6D5F-8631-4F7A-8691-E269EB4A84A1}.Debug|Any CPU.Build.0 = Debug|Any CPU
		{479E6D5F-8631-4F7A-8691-E269EB4A84A1}.Release|Any CPU.ActiveCfg = Release|Any CPU
		{479E6D5F-8631-4F7A-8691-E269EB4A84A1}.Release|Any CPU.Build.0 = Release|Any CPU
	EndGlobalSection
	GlobalSection(SolutionProperties) = preSolution
		HideSolutionNode = FALSE
	EndGlobalSection
	GlobalSection(ExtensibilityGlobals) = postSolution
		SolutionGuid = {6BB4E8F4-CE3E-45C0-BE15-BDDE362A8459}
	EndGlobalSection
EndGlobal
