
Microsoft Visual Studio Solution File, Format Version 12.00
# Visual Studio Version 16
VisualStudioVersion = 16.0.32106.194
MinimumVisualStudioVersion = 10.0.40219.1
Project("{FAE04EC0-301F-11D3-BF4B-00C04F79EFBC}") = "Password", "[22.02.05]password\Password.csproj", "{67D67914-C1C2-4065-A9B8-70AF759E371F}"
EndProject
Project("{FAE04EC0-301F-11D3-BF4B-00C04F79EFBC}") = "Password.UnitTest", "Password.UnitTest\Password.UnitTest.csproj", "{2434B97F-C68D-4A21-B92C-D164DDCB6C5B}"
EndProject
Global
	GlobalSection(SolutionConfigurationPlatforms) = preSolution
		Debug|Any CPU = Debug|Any CPU
		Release|Any CPU = Release|Any CPU
	EndGlobalSection
	GlobalSection(ProjectConfigurationPlatforms) = postSolution
		{67D67914-C1C2-4065-A9B8-70AF759E371F}.Debug|Any CPU.ActiveCfg = Debug|Any CPU
		{67D67914-C1C2-4065-A9B8-70AF759E371F}.Debug|Any CPU.Build.0 = Debug|Any CPU
		{67D67914-C1C2-4065-A9B8-70AF759E371F}.Release|Any CPU.ActiveCfg = Release|Any CPU
		{67D67914-C1C2-4065-A9B8-70AF759E371F}.Release|Any CPU.Build.0 = Release|Any CPU
		{2434B97F-C68D-4A21-B92C-D164DDCB6C5B}.Debug|Any CPU.ActiveCfg = Debug|Any CPU
		{2434B97F-C68D-4A21-B92C-D164DDCB6C5B}.Debug|Any CPU.Build.0 = Debug|Any CPU
		{2434B97F-C68D-4A21-B92C-D164DDCB6C5B}.Release|Any CPU.ActiveCfg = Release|Any CPU
		{2434B97F-C68D-4A21-B92C-D164DDCB6C5B}.Release|Any CPU.Build.0 = Release|Any CPU
	EndGlobalSection
	GlobalSection(SolutionProperties) = preSolution
		HideSolutionNode = FALSE
	EndGlobalSection
	GlobalSection(ExtensibilityGlobals) = postSolution
		SolutionGuid = {3A47A51D-1B80-46B1-AEE2-EC6F7CE9FB1B}
	EndGlobalSection
EndGlobal
