
Microsoft Visual Studio Solution File, Format Version 12.00
# Visual Studio Version 16
VisualStudioVersion = 16.0.32002.261
MinimumVisualStudioVersion = 10.0.40219.1
Project("{9A19103F-16F7-4668-BE54-9A1E7A4F7556}") = "mssqlTest", "mssqlTest\mssqlTest.csproj", "{D3298E8F-3983-4429-96FA-927F35537E2E}"
EndProject
Project("{FAE04EC0-301F-11D3-BF4B-00C04F79EFBC}") = "NetCoreDatabases", "NetCoreDatabases\NetCoreDatabases.csproj", "{B6647F2F-178F-4B92-A193-4B4798D13E6F}"
EndProject
Project("{FAE04EC0-301F-11D3-BF4B-00C04F79EFBC}") = "ClassLibrary1", "ClassLibrary1\ClassLibrary1.csproj", "{CFC56FB0-4A3E-4E69-8883-A31DFAE0CEA4}"
EndProject
Global
	GlobalSection(SolutionConfigurationPlatforms) = preSolution
		Debug|Any CPU = Debug|Any CPU
		Release|Any CPU = Release|Any CPU
	EndGlobalSection
	GlobalSection(ProjectConfigurationPlatforms) = postSolution
		{D3298E8F-3983-4429-96FA-927F35537E2E}.Debug|Any CPU.ActiveCfg = Debug|Any CPU
		{D3298E8F-3983-4429-96FA-927F35537E2E}.Debug|Any CPU.Build.0 = Debug|Any CPU
		{D3298E8F-3983-4429-96FA-927F35537E2E}.Release|Any CPU.ActiveCfg = Release|Any CPU
		{D3298E8F-3983-4429-96FA-927F35537E2E}.Release|Any CPU.Build.0 = Release|Any CPU
		{B6647F2F-178F-4B92-A193-4B4798D13E6F}.Debug|Any CPU.ActiveCfg = Debug|Any CPU
		{B6647F2F-178F-4B92-A193-4B4798D13E6F}.Debug|Any CPU.Build.0 = Debug|Any CPU
		{B6647F2F-178F-4B92-A193-4B4798D13E6F}.Release|Any CPU.ActiveCfg = Release|Any CPU
		{B6647F2F-178F-4B92-A193-4B4798D13E6F}.Release|Any CPU.Build.0 = Release|Any CPU
		{CFC56FB0-4A3E-4E69-8883-A31DFAE0CEA4}.Debug|Any CPU.ActiveCfg = Debug|Any CPU
		{CFC56FB0-4A3E-4E69-8883-A31DFAE0CEA4}.Debug|Any CPU.Build.0 = Debug|Any CPU
		{CFC56FB0-4A3E-4E69-8883-A31DFAE0CEA4}.Release|Any CPU.ActiveCfg = Release|Any CPU
		{CFC56FB0-4A3E-4E69-8883-A31DFAE0CEA4}.Release|Any CPU.Build.0 = Release|Any CPU
	EndGlobalSection
	GlobalSection(SolutionProperties) = preSolution
		HideSolutionNode = FALSE
	EndGlobalSection
	GlobalSection(ExtensibilityGlobals) = postSolution
		SolutionGuid = {A40879FD-0A12-4F8A-B52B-39B4C674FAF1}
	EndGlobalSection
EndGlobal
