
Microsoft Visual Studio Solution File, Format Version 12.00
# Visual Studio Version 17
VisualStudioVersion = 17.3.32922.545
MinimumVisualStudioVersion = 10.0.40219.1
Project("{9A19103F-16F7-4668-BE54-9A1E7A4F7556}") = "CleanArchitecture", "CleanArchitecture\CleanArchitecture.csproj", "{CECDD892-14E2-4E52-98B3-773284A0450A}"
EndProject
Project("{FAE04EC0-301F-11D3-BF4B-00C04F79EFBC}") = "TestProject1", "TestProject1\TestProject1.csproj", "{995CCBA2-7D1A-4885-80BC-5D0D788AD9A0}"
EndProject
Global
	GlobalSection(SolutionConfigurationPlatforms) = preSolution
		Debug|Any CPU = Debug|Any CPU
		Release|Any CPU = Release|Any CPU
	EndGlobalSection
	GlobalSection(ProjectConfigurationPlatforms) = postSolution
		{CECDD892-14E2-4E52-98B3-773284A0450A}.Debug|Any CPU.ActiveCfg = Debug|Any CPU
		{CECDD892-14E2-4E52-98B3-773284A0450A}.Debug|Any CPU.Build.0 = Debug|Any CPU
		{CECDD892-14E2-4E52-98B3-773284A0450A}.Release|Any CPU.ActiveCfg = Release|Any CPU
		{CECDD892-14E2-4E52-98B3-773284A0450A}.Release|Any CPU.Build.0 = Release|Any CPU
		{995CCBA2-7D1A-4885-80BC-5D0D788AD9A0}.Debug|Any CPU.ActiveCfg = Debug|Any CPU
		{995CCBA2-7D1A-4885-80BC-5D0D788AD9A0}.Debug|Any CPU.Build.0 = Debug|Any CPU
		{995CCBA2-7D1A-4885-80BC-5D0D788AD9A0}.Release|Any CPU.ActiveCfg = Release|Any CPU
		{995CCBA2-7D1A-4885-80BC-5D0D788AD9A0}.Release|Any CPU.Build.0 = Release|Any CPU
	EndGlobalSection
	GlobalSection(SolutionProperties) = preSolution
		HideSolutionNode = FALSE
	EndGlobalSection
	GlobalSection(ExtensibilityGlobals) = postSolution
		SolutionGuid = {02A7BCBA-2EBD-4FB0-9637-F13D5FD6A37B}
	EndGlobalSection
EndGlobal
